
Microsoft Visual Studio Solution File, Format Version 12.00
# Visual Studio Version 17
VisualStudioVersion = 17.11.35327.3
MinimumVisualStudioVersion = 10.0.40219.1
Project("{FAE04EC0-301F-11D3-BF4B-00C04F79EFBC}") = "prac10", "prac10\prac10.csproj", "{168FFAA9-5550-475E-994B-5AD760CF5DB4}"
EndProject
Global
	GlobalSection(SolutionConfigurationPlatforms) = preSolution
		Debug|Any CPU = Debug|Any CPU
		Release|Any CPU = Release|Any CPU
	EndGlobalSection
	GlobalSection(ProjectConfigurationPlatforms) = postSolution
		{168FFAA9-5550-475E-994B-5AD760CF5DB4}.Debug|Any CPU.ActiveCfg = Debug|Any CPU
		{168FFAA9-5550-475E-994B-5AD760CF5DB4}.Debug|Any CPU.Build.0 = Debug|Any CPU
		{168FFAA9-5550-475E-994B-5AD760CF5DB4}.Release|Any CPU.ActiveCfg = Release|Any CPU
		{168FFAA9-5550-475E-994B-5AD760CF5DB4}.Release|Any CPU.Build.0 = Release|Any CPU
	EndGlobalSection
	GlobalSection(SolutionProperties) = preSolution
		HideSolutionNode = FALSE
	EndGlobalSection
	GlobalSection(ExtensibilityGlobals) = postSolution
		SolutionGuid = {F44780E0-A49D-4E2F-A3FA-4428616401E3}
	EndGlobalSection
EndGlobal
